
Microsoft Visual Studio Solution File, Format Version 12.00
# Visual Studio Version 17
VisualStudioVersion = 17.1.32421.90
MinimumVisualStudioVersion = 10.0.40219.1
Project("{FAE04EC0-301F-11D3-BF4B-00C04F79EFBC}") = "WpfBancoIsaac", "WpfBancoIsaac\WpfBancoIsaac.csproj", "{D118EF10-80DC-4052-A61F-C798C70B3B68}"
EndProject
Global
	GlobalSection(SolutionConfigurationPlatforms) = preSolution
		Debug|Any CPU = Debug|Any CPU
		Release|Any CPU = Release|Any CPU
	EndGlobalSection
	GlobalSection(ProjectConfigurationPlatforms) = postSolution
		{D118EF10-80DC-4052-A61F-C798C70B3B68}.Debug|Any CPU.ActiveCfg = Debug|Any CPU
		{D118EF10-80DC-4052-A61F-C798C70B3B68}.Debug|Any CPU.Build.0 = Debug|Any CPU
		{D118EF10-80DC-4052-A61F-C798C70B3B68}.Release|Any CPU.ActiveCfg = Release|Any CPU
		{D118EF10-80DC-4052-A61F-C798C70B3B68}.Release|Any CPU.Build.0 = Release|Any CPU
	EndGlobalSection
	GlobalSection(SolutionProperties) = preSolution
		HideSolutionNode = FALSE
	EndGlobalSection
	GlobalSection(ExtensibilityGlobals) = postSolution
		SolutionGuid = {6822C1C9-46DB-472A-ACA0-1FD97F5DF2C4}
	EndGlobalSection
EndGlobal
